
Microsoft Visual Studio Solution File, Format Version 12.00
# Visual Studio 15
VisualStudioVersion = 15.0.28307.329
MinimumVisualStudioVersion = 10.0.40219.1
Project("{FAE04EC0-301F-11D3-BF4B-00C04F79EFBC}") = "App.Entities.Base", "App.Entities.Base\App.Entities.Base.csproj", "{1A9F2B2F-3735-472C-9C6D-422E62170281}"
EndProject
Project("{FAE04EC0-301F-11D3-BF4B-00C04F79EFBC}") = "App.Data.DataAccess", "App.Data.DataAccess\App.Data.DataAccess.csproj", "{3A921928-8418-42E8-9836-BA48E15A0F99}"
EndProject
Project("{FAE04EC0-301F-11D3-BF4B-00C04F79EFBC}") = "App.Data.DataAccessTest", "App.Data.DataAccessTest\App.Data.DataAccessTest.csproj", "{A5C03AF0-FC67-42C3-9F7D-120D390AADCC}"
EndProject
Project("{FAE04EC0-301F-11D3-BF4B-00C04F79EFBC}") = "DapperDAL", "DapperDAL\DapperDAL.csproj", "{285FD2F3-2AE6-4811-BD58-FDBD07B5D710}"
EndProject
Project("{FAE04EC0-301F-11D3-BF4B-00C04F79EFBC}") = "ConsolaDePruebas", "ConsolaDePruebas\ConsolaDePruebas.csproj", "{9F6EBEB3-3AA9-4B04-9940-BE37510F961C}"
EndProject
Global
	GlobalSection(SolutionConfigurationPlatforms) = preSolution
		Debug|Any CPU = Debug|Any CPU
		Release|Any CPU = Release|Any CPU
	EndGlobalSection
	GlobalSection(ProjectConfigurationPlatforms) = postSolution
		{1A9F2B2F-3735-472C-9C6D-422E62170281}.Debug|Any CPU.ActiveCfg = Debug|Any CPU
		{1A9F2B2F-3735-472C-9C6D-422E62170281}.Debug|Any CPU.Build.0 = Debug|Any CPU
		{1A9F2B2F-3735-472C-9C6D-422E62170281}.Release|Any CPU.ActiveCfg = Release|Any CPU
		{1A9F2B2F-3735-472C-9C6D-422E62170281}.Release|Any CPU.Build.0 = Release|Any CPU
		{3A921928-8418-42E8-9836-BA48E15A0F99}.Debug|Any CPU.ActiveCfg = Debug|Any CPU
		{3A921928-8418-42E8-9836-BA48E15A0F99}.Debug|Any CPU.Build.0 = Debug|Any CPU
		{3A921928-8418-42E8-9836-BA48E15A0F99}.Release|Any CPU.ActiveCfg = Release|Any CPU
		{3A921928-8418-42E8-9836-BA48E15A0F99}.Release|Any CPU.Build.0 = Release|Any CPU
		{A5C03AF0-FC67-42C3-9F7D-120D390AADCC}.Debug|Any CPU.ActiveCfg = Debug|Any CPU
		{A5C03AF0-FC67-42C3-9F7D-120D390AADCC}.Debug|Any CPU.Build.0 = Debug|Any CPU
		{A5C03AF0-FC67-42C3-9F7D-120D390AADCC}.Release|Any CPU.ActiveCfg = Release|Any CPU
		{A5C03AF0-FC67-42C3-9F7D-120D390AADCC}.Release|Any CPU.Build.0 = Release|Any CPU
		{285FD2F3-2AE6-4811-BD58-FDBD07B5D710}.Debug|Any CPU.ActiveCfg = Debug|Any CPU
		{285FD2F3-2AE6-4811-BD58-FDBD07B5D710}.Debug|Any CPU.Build.0 = Debug|Any CPU
		{285FD2F3-2AE6-4811-BD58-FDBD07B5D710}.Release|Any CPU.ActiveCfg = Release|Any CPU
		{285FD2F3-2AE6-4811-BD58-FDBD07B5D710}.Release|Any CPU.Build.0 = Release|Any CPU
		{9F6EBEB3-3AA9-4B04-9940-BE37510F961C}.Debug|Any CPU.ActiveCfg = Debug|Any CPU
		{9F6EBEB3-3AA9-4B04-9940-BE37510F961C}.Debug|Any CPU.Build.0 = Debug|Any CPU
		{9F6EBEB3-3AA9-4B04-9940-BE37510F961C}.Release|Any CPU.ActiveCfg = Release|Any CPU
		{9F6EBEB3-3AA9-4B04-9940-BE37510F961C}.Release|Any CPU.Build.0 = Release|Any CPU
	EndGlobalSection
	GlobalSection(SolutionProperties) = preSolution
		HideSolutionNode = FALSE
	EndGlobalSection
	GlobalSection(ExtensibilityGlobals) = postSolution
		SolutionGuid = {AE5B21D8-3F01-49CD-B6C5-F8D4A948F409}
	EndGlobalSection
EndGlobal
