
Microsoft Visual Studio Solution File, Format Version 12.00
# Visual Studio 15
VisualStudioVersion = 15.0.28307.329
MinimumVisualStudioVersion = 10.0.40219.1
Project("{FAE04EC0-301F-11D3-BF4B-00C04F79EFBC}") = "App.Entities.Base", "App.Entities.Base\App.Entities.Base.csproj", "{C6A21926-7A54-4BCD-B82D-F4AF1EE1845B}"
EndProject
Project("{FAE04EC0-301F-11D3-BF4B-00C04F79EFBC}") = "App.Data.DataAccess", "App.Data.DataAccess\App.Data.DataAccess.csproj", "{CB28008F-3EBC-4240-AB8E-50E0D6E82130}"
EndProject
Project("{FAE04EC0-301F-11D3-BF4B-00C04F79EFBC}") = "App.Data.DataAccessTest", "App.Data.DataAccessTest\App.Data.DataAccessTest.csproj", "{40D142C8-D431-41FF-A0A7-A28AE9C9E969}"
EndProject
Project("{FAE04EC0-301F-11D3-BF4B-00C04F79EFBC}") = "DapperDAL", "DapperDAL\DapperDAL.csproj", "{6D463543-4FD5-4A7C-9018-6B91BF6A505F}"
EndProject
Project("{FAE04EC0-301F-11D3-BF4B-00C04F79EFBC}") = "ConsolaDePruebas", "ConsolaDePruebas\ConsolaDePruebas.csproj", "{2985A793-C222-4809-9EDD-B1EEF0A601FA}"
EndProject
Global
	GlobalSection(SolutionConfigurationPlatforms) = preSolution
		Debug|Any CPU = Debug|Any CPU
		Release|Any CPU = Release|Any CPU
	EndGlobalSection
	GlobalSection(ProjectConfigurationPlatforms) = postSolution
		{C6A21926-7A54-4BCD-B82D-F4AF1EE1845B}.Debug|Any CPU.ActiveCfg = Debug|Any CPU
		{C6A21926-7A54-4BCD-B82D-F4AF1EE1845B}.Debug|Any CPU.Build.0 = Debug|Any CPU
		{C6A21926-7A54-4BCD-B82D-F4AF1EE1845B}.Release|Any CPU.ActiveCfg = Release|Any CPU
		{C6A21926-7A54-4BCD-B82D-F4AF1EE1845B}.Release|Any CPU.Build.0 = Release|Any CPU
		{CB28008F-3EBC-4240-AB8E-50E0D6E82130}.Debug|Any CPU.ActiveCfg = Debug|Any CPU
		{CB28008F-3EBC-4240-AB8E-50E0D6E82130}.Debug|Any CPU.Build.0 = Debug|Any CPU
		{CB28008F-3EBC-4240-AB8E-50E0D6E82130}.Release|Any CPU.ActiveCfg = Release|Any CPU
		{CB28008F-3EBC-4240-AB8E-50E0D6E82130}.Release|Any CPU.Build.0 = Release|Any CPU
		{40D142C8-D431-41FF-A0A7-A28AE9C9E969}.Debug|Any CPU.ActiveCfg = Debug|Any CPU
		{40D142C8-D431-41FF-A0A7-A28AE9C9E969}.Debug|Any CPU.Build.0 = Debug|Any CPU
		{40D142C8-D431-41FF-A0A7-A28AE9C9E969}.Release|Any CPU.ActiveCfg = Release|Any CPU
		{40D142C8-D431-41FF-A0A7-A28AE9C9E969}.Release|Any CPU.Build.0 = Release|Any CPU
		{6D463543-4FD5-4A7C-9018-6B91BF6A505F}.Debug|Any CPU.ActiveCfg = Debug|Any CPU
		{6D463543-4FD5-4A7C-9018-6B91BF6A505F}.Debug|Any CPU.Build.0 = Debug|Any CPU
		{6D463543-4FD5-4A7C-9018-6B91BF6A505F}.Release|Any CPU.ActiveCfg = Release|Any CPU
		{6D463543-4FD5-4A7C-9018-6B91BF6A505F}.Release|Any CPU.Build.0 = Release|Any CPU
		{2985A793-C222-4809-9EDD-B1EEF0A601FA}.Debug|Any CPU.ActiveCfg = Debug|Any CPU
		{2985A793-C222-4809-9EDD-B1EEF0A601FA}.Debug|Any CPU.Build.0 = Debug|Any CPU
		{2985A793-C222-4809-9EDD-B1EEF0A601FA}.Release|Any CPU.ActiveCfg = Release|Any CPU
		{2985A793-C222-4809-9EDD-B1EEF0A601FA}.Release|Any CPU.Build.0 = Release|Any CPU
	EndGlobalSection
	GlobalSection(SolutionProperties) = preSolution
		HideSolutionNode = FALSE
	EndGlobalSection
	GlobalSection(ExtensibilityGlobals) = postSolution
		SolutionGuid = {E3AD25A5-9DA1-41EC-BAF9-D2A9F5E0E6EC}
	EndGlobalSection
EndGlobal
